
Microsoft Visual Studio Solution File, Format Version 12.00
# Visual Studio 15
VisualStudioVersion = 15.0.27130.2020
MinimumVisualStudioVersion = 10.0.40219.1
Project("{E24C65DC-7377-472B-9ABA-BC803B73C61A}") = "AJRWebsite", "AJRWebsite\", "{55D8D264-1F9C-48B4-82BD-8065D7DAA7CF}"
	ProjectSection(WebsiteProperties) = preProject
		TargetFrameworkMoniker = ".NETFramework,Version%3Dv4.6.1"
		Debug.AspNetCompiler.VirtualPath = "/localhost_55144"
		Debug.AspNetCompiler.PhysicalPath = "AJRWebsite\"
		Debug.AspNetCompiler.TargetPath = "PrecompiledWeb\localhost_55144\"
		Debug.AspNetCompiler.Updateable = "true"
		Debug.AspNetCompiler.ForceOverwrite = "true"
		Debug.AspNetCompiler.FixedNames = "false"
		Debug.AspNetCompiler.Debug = "True"
		Release.AspNetCompiler.VirtualPath = "/localhost_55144"
		Release.AspNetCompiler.PhysicalPath = "AJRWebsite\"
		Release.AspNetCompiler.TargetPath = "PrecompiledWeb\localhost_55144\"
		Release.AspNetCompiler.Updateable = "true"
		Release.AspNetCompiler.ForceOverwrite = "true"
		Release.AspNetCompiler.FixedNames = "false"
		Release.AspNetCompiler.Debug = "False"
		VWDPort = "55144"
		DefaultWebSiteLanguage = "Visual Basic"
	EndProjectSection
EndProject
Global
	GlobalSection(SolutionConfigurationPlatforms) = preSolution
		Debug|Any CPU = Debug|Any CPU
	EndGlobalSection
	GlobalSection(ProjectConfigurationPlatforms) = postSolution
		{55D8D264-1F9C-48B4-82BD-8065D7DAA7CF}.Debug|Any CPU.ActiveCfg = Debug|Any CPU
		{55D8D264-1F9C-48B4-82BD-8065D7DAA7CF}.Debug|Any CPU.Build.0 = Debug|Any CPU
	EndGlobalSection
	GlobalSection(SolutionProperties) = preSolution
		HideSolutionNode = FALSE
	EndGlobalSection
	GlobalSection(ExtensibilityGlobals) = postSolution
		SolutionGuid = {33DFDDFA-F2D3-471F-BC51-37C519A26D6B}
	EndGlobalSection
EndGlobal
